
Microsoft Visual Studio Solution File, Format Version 12.00
# Visual Studio Version 17
VisualStudioVersion = 17.10.35013.160
MinimumVisualStudioVersion = 10.0.40219.1
Project("{FAE04EC0-301F-11D3-BF4B-00C04F79EFBC}") = "TesteCurso", "TesteCurso\TesteCurso.csproj", "{63C321E4-AFD8-495E-B634-C180311C127B}"
EndProject
Global
	GlobalSection(SolutionConfigurationPlatforms) = preSolution
		Debug|Any CPU = Debug|Any CPU
		Release|Any CPU = Release|Any CPU
	EndGlobalSection
	GlobalSection(ProjectConfigurationPlatforms) = postSolution
		{63C321E4-AFD8-495E-B634-C180311C127B}.Debug|Any CPU.ActiveCfg = Debug|Any CPU
		{63C321E4-AFD8-495E-B634-C180311C127B}.Debug|Any CPU.Build.0 = Debug|Any CPU
		{63C321E4-AFD8-495E-B634-C180311C127B}.Release|Any CPU.ActiveCfg = Release|Any CPU
		{63C321E4-AFD8-495E-B634-C180311C127B}.Release|Any CPU.Build.0 = Release|Any CPU
	EndGlobalSection
	GlobalSection(SolutionProperties) = preSolution
		HideSolutionNode = FALSE
	EndGlobalSection
	GlobalSection(ExtensibilityGlobals) = postSolution
		SolutionGuid = {D32C54AC-0275-40CC-AE48-42A1FC5A8A13}
	EndGlobalSection
EndGlobal
